
Microsoft Visual Studio Solution File, Format Version 12.00
# Visual Studio Version 17
VisualStudioVersion = 17.2.32630.192
MinimumVisualStudioVersion = 10.0.40219.1
Project("{FAE04EC0-301F-11D3-BF4B-00C04F79EFBC}") = "PracticaLP", "PracticaLP\PracticaLP.csproj", "{EF29A8DD-F09E-4BE3-A734-E7B8BD8FAF5F}"
EndProject
Global
	GlobalSection(SolutionConfigurationPlatforms) = preSolution
		Debug|Any CPU = Debug|Any CPU
		Release|Any CPU = Release|Any CPU
	EndGlobalSection
	GlobalSection(ProjectConfigurationPlatforms) = postSolution
		{EF29A8DD-F09E-4BE3-A734-E7B8BD8FAF5F}.Debug|Any CPU.ActiveCfg = Debug|Any CPU
		{EF29A8DD-F09E-4BE3-A734-E7B8BD8FAF5F}.Debug|Any CPU.Build.0 = Debug|Any CPU
		{EF29A8DD-F09E-4BE3-A734-E7B8BD8FAF5F}.Release|Any CPU.ActiveCfg = Release|Any CPU
		{EF29A8DD-F09E-4BE3-A734-E7B8BD8FAF5F}.Release|Any CPU.Build.0 = Release|Any CPU
	EndGlobalSection
	GlobalSection(SolutionProperties) = preSolution
		HideSolutionNode = FALSE
	EndGlobalSection
	GlobalSection(ExtensibilityGlobals) = postSolution
		SolutionGuid = {38CB86F1-B39C-4BE7-9BA5-9631AAB9D3E1}
	EndGlobalSection
EndGlobal
